
Microsoft Visual Studio Solution File, Format Version 9.00
# Visual Studio 2005
Project("{8BC9CEB8-8B4A-11D0-8D11-00A0C91BC942}") = "APPL", "APPL\APPL.vcproj", "{F6191F83-BD20-49E4-A12F-1FC8206ECD88}"
EndProject
Project("{8BC9CEB8-8B4A-11D0-8D11-00A0C91BC942}") = "VLSS", "VLSS\VLSS.vcproj", "{7F57A49C-4797-44EE-A06B-BA30D84AB312}"
EndProject
Global
	GlobalSection(SolutionConfigurationPlatforms) = preSolution
		Debug|Win32 = Debug|Win32
		Release|Win32 = Release|Win32
	EndGlobalSection
	GlobalSection(ProjectConfigurationPlatforms) = postSolution
		{F6191F83-BD20-49E4-A12F-1FC8206ECD88}.Debug|Win32.ActiveCfg = Debug|Win32
		{F6191F83-BD20-49E4-A12F-1FC8206ECD88}.Debug|Win32.Build.0 = Debug|Win32
		{F6191F83-BD20-49E4-A12F-1FC8206ECD88}.Release|Win32.ActiveCfg = Release|Win32
		{F6191F83-BD20-49E4-A12F-1FC8206ECD88}.Release|Win32.Build.0 = Release|Win32
		{7F57A49C-4797-44EE-A06B-BA30D84AB312}.Debug|Win32.ActiveCfg = Debug|Win32
		{7F57A49C-4797-44EE-A06B-BA30D84AB312}.Debug|Win32.Build.0 = Debug|Win32
		{7F57A49C-4797-44EE-A06B-BA30D84AB312}.Release|Win32.ActiveCfg = Release|Win32
		{7F57A49C-4797-44EE-A06B-BA30D84AB312}.Release|Win32.Build.0 = Release|Win32
	EndGlobalSection
	GlobalSection(SolutionProperties) = preSolution
		HideSolutionNode = FALSE
	EndGlobalSection
EndGlobal
