
Microsoft Visual Studio Solution File, Format Version 9.00
# Visual Studio 2005
Project("{8BC9CEB8-8B4A-11D0-8D11-00A0C91BC942}") = "VLSS", "VLSS\VLSS.vcproj", "{52F48675-5222-4CBF-A3DB-3F1DC8098374}"
EndProject
Project("{8BC9CEB8-8B4A-11D0-8D11-00A0C91BC942}") = "APPL", "APPL\APPL.vcproj", "{30469471-3B14-411C-AB1C-05322B86B329}"
EndProject
Project("{8BC9CEB8-8B4A-11D0-8D11-00A0C91BC942}") = "MFCLSS", "MFCLSS\MFCLSS.vcproj", "{0D40F387-F4A2-4E80-8FA5-8D1D16933497}"
EndProject
Global
	GlobalSection(SolutionConfigurationPlatforms) = preSolution
		Debug|Win32 = Debug|Win32
		Release|Win32 = Release|Win32
	EndGlobalSection
	GlobalSection(ProjectConfigurationPlatforms) = postSolution
		{52F48675-5222-4CBF-A3DB-3F1DC8098374}.Debug|Win32.ActiveCfg = Debug|Win32
		{52F48675-5222-4CBF-A3DB-3F1DC8098374}.Debug|Win32.Build.0 = Debug|Win32
		{52F48675-5222-4CBF-A3DB-3F1DC8098374}.Release|Win32.ActiveCfg = Release|Win32
		{52F48675-5222-4CBF-A3DB-3F1DC8098374}.Release|Win32.Build.0 = Release|Win32
		{30469471-3B14-411C-AB1C-05322B86B329}.Debug|Win32.ActiveCfg = Debug|Win32
		{30469471-3B14-411C-AB1C-05322B86B329}.Debug|Win32.Build.0 = Debug|Win32
		{30469471-3B14-411C-AB1C-05322B86B329}.Release|Win32.ActiveCfg = Release|Win32
		{30469471-3B14-411C-AB1C-05322B86B329}.Release|Win32.Build.0 = Release|Win32
		{0D40F387-F4A2-4E80-8FA5-8D1D16933497}.Debug|Win32.ActiveCfg = Debug|Win32
		{0D40F387-F4A2-4E80-8FA5-8D1D16933497}.Debug|Win32.Build.0 = Debug|Win32
		{0D40F387-F4A2-4E80-8FA5-8D1D16933497}.Release|Win32.ActiveCfg = Release|Win32
		{0D40F387-F4A2-4E80-8FA5-8D1D16933497}.Release|Win32.Build.0 = Release|Win32
	EndGlobalSection
	GlobalSection(SolutionProperties) = preSolution
		HideSolutionNode = FALSE
	EndGlobalSection
EndGlobal
